
Microsoft Visual Studio Solution File, Format Version 12.00
# Visual Studio 15
VisualStudioVersion = 15.0.28010.2026
MinimumVisualStudioVersion = 10.0.40219.1
Project("{FAE04EC0-301F-11D3-BF4B-00C04F79EFBC}") = "CalcolatriceApp.Android", "CalcolatriceApp\CalcolatriceApp.Android\CalcolatriceApp.Android.csproj", "{3016F84D-3EE3-4CB9-8F3A-BCD85ED36BA3}"
EndProject
Project("{FAE04EC0-301F-11D3-BF4B-00C04F79EFBC}") = "CalcolatriceApp.iOS", "CalcolatriceApp\CalcolatriceApp.iOS\CalcolatriceApp.iOS.csproj", "{C7D02DA1-DAAC-4637-B6E8-7975FD3F415C}"
EndProject
Project("{FAE04EC0-301F-11D3-BF4B-00C04F79EFBC}") = "CalcolatriceApp.UWP", "CalcolatriceApp\CalcolatriceApp.UWP\CalcolatriceApp.UWP.csproj", "{0CF935B4-AF54-47F0-A589-DA75E01DDB1F}"
EndProject
Project("{FAE04EC0-301F-11D3-BF4B-00C04F79EFBC}") = "CalcolatriceApp", "CalcolatriceApp\CalcolatriceApp\CalcolatriceApp.csproj", "{A85498C3-4769-4517-A92B-8DD976EA14B0}"
EndProject
Global
	GlobalSection(SolutionConfigurationPlatforms) = preSolution
		Ad-Hoc|Any CPU = Ad-Hoc|Any CPU
		Ad-Hoc|ARM = Ad-Hoc|ARM
		Ad-Hoc|iPhone = Ad-Hoc|iPhone
		Ad-Hoc|iPhoneSimulator = Ad-Hoc|iPhoneSimulator
		Ad-Hoc|x64 = Ad-Hoc|x64
		Ad-Hoc|x86 = Ad-Hoc|x86
		AppStore|Any CPU = AppStore|Any CPU
		AppStore|ARM = AppStore|ARM
		AppStore|iPhone = AppStore|iPhone
		AppStore|iPhoneSimulator = AppStore|iPhoneSimulator
		AppStore|x64 = AppStore|x64
		AppStore|x86 = AppStore|x86
		Debug|Any CPU = Debug|Any CPU
		Debug|ARM = Debug|ARM
		Debug|iPhone = Debug|iPhone
		Debug|iPhoneSimulator = Debug|iPhoneSimulator
		Debug|x64 = Debug|x64
		Debug|x86 = Debug|x86
		Release|Any CPU = Release|Any CPU
		Release|ARM = Release|ARM
		Release|iPhone = Release|iPhone
		Release|iPhoneSimulator = Release|iPhoneSimulator
		Release|x64 = Release|x64
		Release|x86 = Release|x86
	EndGlobalSection
	GlobalSection(ProjectConfigurationPlatforms) = postSolution
		{3016F84D-3EE3-4CB9-8F3A-BCD85ED36BA3}.Ad-Hoc|Any CPU.ActiveCfg = Release|Any CPU
		{3016F84D-3EE3-4CB9-8F3A-BCD85ED36BA3}.Ad-Hoc|Any CPU.Build.0 = Release|Any CPU
		{3016F84D-3EE3-4CB9-8F3A-BCD85ED36BA3}.Ad-Hoc|Any CPU.Deploy.0 = Release|Any CPU
		{3016F84D-3EE3-4CB9-8F3A-BCD85ED36BA3}.Ad-Hoc|ARM.ActiveCfg = Release|Any CPU
		{3016F84D-3EE3-4CB9-8F3A-BCD85ED36BA3}.Ad-Hoc|ARM.Build.0 = Release|Any CPU
		{3016F84D-3EE3-4CB9-8F3A-BCD85ED36BA3}.Ad-Hoc|ARM.Deploy.0 = Release|Any CPU
		{3016F84D-3EE3-4CB9-8F3A-BCD85ED36BA3}.Ad-Hoc|iPhone.ActiveCfg = Release|Any CPU
		{3016F84D-3EE3-4CB9-8F3A-BCD85ED36BA3}.Ad-Hoc|iPhone.Build.0 = Release|Any CPU
		{3016F84D-3EE3-4CB9-8F3A-BCD85ED36BA3}.Ad-Hoc|iPhone.Deploy.0 = Release|Any CPU
		{3016F84D-3EE3-4CB9-8F3A-BCD85ED36BA3}.Ad-Hoc|iPhoneSimulator.ActiveCfg = Release|Any CPU
		{3016F84D-3EE3-4CB9-8F3A-BCD85ED36BA3}.Ad-Hoc|iPhoneSimulator.Build.0 = Release|Any CPU
		{3016F84D-3EE3-4CB9-8F3A-BCD85ED36BA3}.Ad-Hoc|iPhoneSimulator.Deploy.0 = Release|Any CPU
		{3016F84D-3EE3-4CB9-8F3A-BCD85ED36BA3}.Ad-Hoc|x64.ActiveCfg = Release|Any CPU
		{3016F84D-3EE3-4CB9-8F3A-BCD85ED36BA3}.Ad-Hoc|x64.Build.0 = Release|Any CPU
		{3016F84D-3EE3-4CB9-8F3A-BCD85ED36BA3}.Ad-Hoc|x64.Deploy.0 = Release|Any CPU
		{3016F84D-3EE3-4CB9-8F3A-BCD85ED36BA3}.Ad-Hoc|x86.ActiveCfg = Release|Any CPU
		{3016F84D-3EE3-4CB9-8F3A-BCD85ED36BA3}.Ad-Hoc|x86.Build.0 = Release|Any CPU
		{3016F84D-3EE3-4CB9-8F3A-BCD85ED36BA3}.Ad-Hoc|x86.Deploy.0 = Release|Any CPU
		{3016F84D-3EE3-4CB9-8F3A-BCD85ED36BA3}.AppStore|Any CPU.ActiveCfg = Release|Any CPU
		{3016F84D-3EE3-4CB9-8F3A-BCD85ED36BA3}.AppStore|Any CPU.Build.0 = Release|Any CPU
		{3016F84D-3EE3-4CB9-8F3A-BCD85ED36BA3}.AppStore|Any CPU.Deploy.0 = Release|Any CPU
		{3016F84D-3EE3-4CB9-8F3A-BCD85ED36BA3}.AppStore|ARM.ActiveCfg = Release|Any CPU
		{3016F84D-3EE3-4CB9-8F3A-BCD85ED36BA3}.AppStore|ARM.Build.0 = Release|Any CPU
		{3016F84D-3EE3-4CB9-8F3A-BCD85ED36BA3}.AppStore|ARM.Deploy.0 = Release|Any CPU
		{3016F84D-3EE3-4CB9-8F3A-BCD85ED36BA3}.AppStore|iPhone.ActiveCfg = Release|Any CPU
		{3016F84D-3EE3-4CB9-8F3A-BCD85ED36BA3}.AppStore|iPhone.Build.0 = Release|Any CPU
		{3016F84D-3EE3-4CB9-8F3A-BCD85ED36BA3}.AppStore|iPhone.Deploy.0 = Release|Any CPU
		{3016F84D-3EE3-4CB9-8F3A-BCD85ED36BA3}.AppStore|iPhoneSimulator.ActiveCfg = Release|Any CPU
		{3016F84D-3EE3-4CB9-8F3A-BCD85ED36BA3}.AppStore|iPhoneSimulator.Build.0 = Release|Any CPU
		{3016F84D-3EE3-4CB9-8F3A-BCD85ED36BA3}.AppStore|iPhoneSimulator.Deploy.0 = Release|Any CPU
		{3016F84D-3EE3-4CB9-8F3A-BCD85ED36BA3}.AppStore|x64.ActiveCfg = Release|Any CPU
		{3016F84D-3EE3-4CB9-8F3A-BCD85ED36BA3}.AppStore|x64.Build.0 = Release|Any CPU
		{3016F84D-3EE3-4CB9-8F3A-BCD85ED36BA3}.AppStore|x64.Deploy.0 = Release|Any CPU
		{3016F84D-3EE3-4CB9-8F3A-BCD85ED36BA3}.AppStore|x86.ActiveCfg = Release|Any CPU
		{3016F84D-3EE3-4CB9-8F3A-BCD85ED36BA3}.AppStore|x86.Build.0 = Release|Any CPU
		{3016F84D-3EE3-4CB9-8F3A-BCD85ED36BA3}.AppStore|x86.Deploy.0 = Release|Any CPU
		{3016F84D-3EE3-4CB9-8F3A-BCD85ED36BA3}.Debug|Any CPU.ActiveCfg = Debug|Any CPU
		{3016F84D-3EE3-4CB9-8F3A-BCD85ED36BA3}.Debug|Any CPU.Build.0 = Debug|Any CPU
		{3016F84D-3EE3-4CB9-8F3A-BCD85ED36BA3}.Debug|Any CPU.Deploy.0 = Debug|Any CPU
		{3016F84D-3EE3-4CB9-8F3A-BCD85ED36BA3}.Debug|ARM.ActiveCfg = Debug|Any CPU
		{3016F84D-3EE3-4CB9-8F3A-BCD85ED36BA3}.Debug|ARM.Build.0 = Debug|Any CPU
		{3016F84D-3EE3-4CB9-8F3A-BCD85ED36BA3}.Debug|ARM.Deploy.0 = Debug|Any CPU
		{3016F84D-3EE3-4CB9-8F3A-BCD85ED36BA3}.Debug|iPhone.ActiveCfg = Debug|Any CPU
		{3016F84D-3EE3-4CB9-8F3A-BCD85ED36BA3}.Debug|iPhone.Build.0 = Debug|Any CPU
		{3016F84D-3EE3-4CB9-8F3A-BCD85ED36BA3}.Debug|iPhone.Deploy.0 = Debug|Any CPU
		{3016F84D-3EE3-4CB9-8F3A-BCD85ED36BA3}.Debug|iPhoneSimulator.ActiveCfg = Debug|Any CPU
		{3016F84D-3EE3-4CB9-8F3A-BCD85ED36BA3}.Debug|iPhoneSimulator.Build.0 = Debug|Any CPU
		{3016F84D-3EE3-4CB9-8F3A-BCD85ED36BA3}.Debug|iPhoneSimulator.Deploy.0 = Debug|Any CPU
		{3016F84D-3EE3-4CB9-8F3A-BCD85ED36BA3}.Debug|x64.ActiveCfg = Debug|Any CPU
		{3016F84D-3EE3-4CB9-8F3A-BCD85ED36BA3}.Debug|x64.Build.0 = Debug|Any CPU
		{3016F84D-3EE3-4CB9-8F3A-BCD85ED36BA3}.Debug|x64.Deploy.0 = Debug|Any CPU
		{3016F84D-3EE3-4CB9-8F3A-BCD85ED36BA3}.Debug|x86.ActiveCfg = Debug|Any CPU
		{3016F84D-3EE3-4CB9-8F3A-BCD85ED36BA3}.Debug|x86.Build.0 = Debug|Any CPU
		{3016F84D-3EE3-4CB9-8F3A-BCD85ED36BA3}.Debug|x86.Deploy.0 = Debug|Any CPU
		{3016F84D-3EE3-4CB9-8F3A-BCD85ED36BA3}.Release|Any CPU.ActiveCfg = Release|Any CPU
		{3016F84D-3EE3-4CB9-8F3A-BCD85ED36BA3}.Release|Any CPU.Build.0 = Release|Any CPU
		{3016F84D-3EE3-4CB9-8F3A-BCD85ED36BA3}.Release|Any CPU.Deploy.0 = Release|Any CPU
		{3016F84D-3EE3-4CB9-8F3A-BCD85ED36BA3}.Release|ARM.ActiveCfg = Release|Any CPU
		{3016F84D-3EE3-4CB9-8F3A-BCD85ED36BA3}.Release|ARM.Build.0 = Release|Any CPU
		{3016F84D-3EE3-4CB9-8F3A-BCD85ED36BA3}.Release|ARM.Deploy.0 = Release|Any CPU
		{3016F84D-3EE3-4CB9-8F3A-BCD85ED36BA3}.Release|iPhone.ActiveCfg = Release|Any CPU
		{3016F84D-3EE3-4CB9-8F3A-BCD85ED36BA3}.Release|iPhone.Build.0 = Release|Any CPU
		{3016F84D-3EE3-4CB9-8F3A-BCD85ED36BA3}.Release|iPhone.Deploy.0 = Release|Any CPU
		{3016F84D-3EE3-4CB9-8F3A-BCD85ED36BA3}.Release|iPhoneSimulator.ActiveCfg = Release|Any CPU
		{3016F84D-3EE3-4CB9-8F3A-BCD85ED36BA3}.Release|iPhoneSimulator.Build.0 = Release|Any CPU
		{3016F84D-3EE3-4CB9-8F3A-BCD85ED36BA3}.Release|iPhoneSimulator.Deploy.0 = Release|Any CPU
		{3016F84D-3EE3-4CB9-8F3A-BCD85ED36BA3}.Release|x64.ActiveCfg = Release|Any CPU
		{3016F84D-3EE3-4CB9-8F3A-BCD85ED36BA3}.Release|x64.Build.0 = Release|Any CPU
		{3016F84D-3EE3-4CB9-8F3A-BCD85ED36BA3}.Release|x64.Deploy.0 = Release|Any CPU
		{3016F84D-3EE3-4CB9-8F3A-BCD85ED36BA3}.Release|x86.ActiveCfg = Release|Any CPU
		{3016F84D-3EE3-4CB9-8F3A-BCD85ED36BA3}.Release|x86.Build.0 = Release|Any CPU
		{3016F84D-3EE3-4CB9-8F3A-BCD85ED36BA3}.Release|x86.Deploy.0 = Release|Any CPU
		{C7D02DA1-DAAC-4637-B6E8-7975FD3F415C}.Ad-Hoc|Any CPU.ActiveCfg = Ad-Hoc|iPhone
		{C7D02DA1-DAAC-4637-B6E8-7975FD3F415C}.Ad-Hoc|Any CPU.Build.0 = Ad-Hoc|iPhone
		{C7D02DA1-DAAC-4637-B6E8-7975FD3F415C}.Ad-Hoc|Any CPU.Deploy.0 = Ad-Hoc|iPhone
		{C7D02DA1-DAAC-4637-B6E8-7975FD3F415C}.Ad-Hoc|ARM.ActiveCfg = Ad-Hoc|iPhone
		{C7D02DA1-DAAC-4637-B6E8-7975FD3F415C}.Ad-Hoc|ARM.Build.0 = Ad-Hoc|iPhone
		{C7D02DA1-DAAC-4637-B6E8-7975FD3F415C}.Ad-Hoc|ARM.Deploy.0 = Ad-Hoc|iPhone
		{C7D02DA1-DAAC-4637-B6E8-7975FD3F415C}.Ad-Hoc|iPhone.ActiveCfg = Ad-Hoc|iPhone
		{C7D02DA1-DAAC-4637-B6E8-7975FD3F415C}.Ad-Hoc|iPhone.Build.0 = Ad-Hoc|iPhone
		{C7D02DA1-DAAC-4637-B6E8-7975FD3F415C}.Ad-Hoc|iPhone.Deploy.0 = Ad-Hoc|iPhone
		{C7D02DA1-DAAC-4637-B6E8-7975FD3F415C}.Ad-Hoc|iPhoneSimulator.ActiveCfg = Ad-Hoc|iPhoneSimulator
		{C7D02DA1-DAAC-4637-B6E8-7975FD3F415C}.Ad-Hoc|iPhoneSimulator.Build.0 = Ad-Hoc|iPhoneSimulator
		{C7D02DA1-DAAC-4637-B6E8-7975FD3F415C}.Ad-Hoc|iPhoneSimulator.Deploy.0 = Ad-Hoc|iPhoneSimulator
		{C7D02DA1-DAAC-4637-B6E8-7975FD3F415C}.Ad-Hoc|x64.ActiveCfg = Ad-Hoc|iPhone
		{C7D02DA1-DAAC-4637-B6E8-7975FD3F415C}.Ad-Hoc|x64.Build.0 = Ad-Hoc|iPhone
		{C7D02DA1-DAAC-4637-B6E8-7975FD3F415C}.Ad-Hoc|x64.Deploy.0 = Ad-Hoc|iPhone
		{C7D02DA1-DAAC-4637-B6E8-7975FD3F415C}.Ad-Hoc|x86.ActiveCfg = Ad-Hoc|iPhone
		{C7D02DA1-DAAC-4637-B6E8-7975FD3F415C}.Ad-Hoc|x86.Build.0 = Ad-Hoc|iPhone
		{C7D02DA1-DAAC-4637-B6E8-7975FD3F415C}.Ad-Hoc|x86.Deploy.0 = Ad-Hoc|iPhone
		{C7D02DA1-DAAC-4637-B6E8-7975FD3F415C}.AppStore|Any CPU.ActiveCfg = AppStore|iPhone
		{C7D02DA1-DAAC-4637-B6E8-7975FD3F415C}.AppStore|Any CPU.Build.0 = AppStore|iPhone
		{C7D02DA1-DAAC-4637-B6E8-7975FD3F415C}.AppStore|Any CPU.Deploy.0 = AppStore|iPhone
		{C7D02DA1-DAAC-4637-B6E8-7975FD3F415C}.AppStore|ARM.ActiveCfg = AppStore|iPhone
		{C7D02DA1-DAAC-4637-B6E8-7975FD3F415C}.AppStore|ARM.Build.0 = AppStore|iPhone
		{C7D02DA1-DAAC-4637-B6E8-7975FD3F415C}.AppStore|ARM.Deploy.0 = AppStore|iPhone
		{C7D02DA1-DAAC-4637-B6E8-7975FD3F415C}.AppStore|iPhone.ActiveCfg = AppStore|iPhone
		{C7D02DA1-DAAC-4637-B6E8-7975FD3F415C}.AppStore|iPhone.Build.0 = AppStore|iPhone
		{C7D02DA1-DAAC-4637-B6E8-7975FD3F415C}.AppStore|iPhone.Deploy.0 = AppStore|iPhone
		{C7D02DA1-DAAC-4637-B6E8-7975FD3F415C}.AppStore|iPhoneSimulator.ActiveCfg = AppStore|iPhoneSimulator
		{C7D02DA1-DAAC-4637-B6E8-7975FD3F415C}.AppStore|iPhoneSimulator.Build.0 = AppStore|iPhoneSimulator
		{C7D02DA1-DAAC-4637-B6E8-7975FD3F415C}.AppStore|iPhoneSimulator.Deploy.0 = AppStore|iPhoneSimulator
		{C7D02DA1-DAAC-4637-B6E8-7975FD3F415C}.AppStore|x64.ActiveCfg = AppStore|iPhone
		{C7D02DA1-DAAC-4637-B6E8-7975FD3F415C}.AppStore|x64.Build.0 = AppStore|iPhone
		{C7D02DA1-DAAC-4637-B6E8-7975FD3F415C}.AppStore|x64.Deploy.0 = AppStore|iPhone
		{C7D02DA1-DAAC-4637-B6E8-7975FD3F415C}.AppStore|x86.ActiveCfg = AppStore|iPhone
		{C7D02DA1-DAAC-4637-B6E8-7975FD3F415C}.AppStore|x86.Build.0 = AppStore|iPhone
		{C7D02DA1-DAAC-4637-B6E8-7975FD3F415C}.AppStore|x86.Deploy.0 = AppStore|iPhone
		{C7D02DA1-DAAC-4637-B6E8-7975FD3F415C}.Debug|Any CPU.ActiveCfg = Debug|iPhoneSimulator
		{C7D02DA1-DAAC-4637-B6E8-7975FD3F415C}.Debug|Any CPU.Build.0 = Debug|iPhoneSimulator
		{C7D02DA1-DAAC-4637-B6E8-7975FD3F415C}.Debug|Any CPU.Deploy.0 = Debug|iPhoneSimulator
		{C7D02DA1-DAAC-4637-B6E8-7975FD3F415C}.Debug|ARM.ActiveCfg = Debug|iPhone
		{C7D02DA1-DAAC-4637-B6E8-7975FD3F415C}.Debug|ARM.Build.0 = Debug|iPhone
		{C7D02DA1-DAAC-4637-B6E8-7975FD3F415C}.Debug|ARM.Deploy.0 = Debug|iPhone
		{C7D02DA1-DAAC-4637-B6E8-7975FD3F415C}.Debug|iPhone.ActiveCfg = Debug|iPhone
		{C7D02DA1-DAAC-4637-B6E8-7975FD3F415C}.Debug|iPhone.Build.0 = Debug|iPhone
		{C7D02DA1-DAAC-4637-B6E8-7975FD3F415C}.Debug|iPhone.Deploy.0 = Debug|iPhone
		{C7D02DA1-DAAC-4637-B6E8-7975FD3F415C}.Debug|iPhoneSimulator.ActiveCfg = Debug|iPhoneSimulator
		{C7D02DA1-DAAC-4637-B6E8-7975FD3F415C}.Debug|iPhoneSimulator.Build.0 = Debug|iPhoneSimulator
		{C7D02DA1-DAAC-4637-B6E8-7975FD3F415C}.Debug|iPhoneSimulator.Deploy.0 = Debug|iPhoneSimulator
		{C7D02DA1-DAAC-4637-B6E8-7975FD3F415C}.Debug|x64.ActiveCfg = Debug|iPhone
		{C7D02DA1-DAAC-4637-B6E8-7975FD3F415C}.Debug|x64.Build.0 = Debug|iPhone
		{C7D02DA1-DAAC-4637-B6E8-7975FD3F415C}.Debug|x64.Deploy.0 = Debug|iPhone
		{C7D02DA1-DAAC-4637-B6E8-7975FD3F415C}.Debug|x86.ActiveCfg = Debug|iPhone
		{C7D02DA1-DAAC-4637-B6E8-7975FD3F415C}.Debug|x86.Build.0 = Debug|iPhone
		{C7D02DA1-DAAC-4637-B6E8-7975FD3F415C}.Debug|x86.Deploy.0 = Debug|iPhone
		{C7D02DA1-DAAC-4637-B6E8-7975FD3F415C}.Release|Any CPU.ActiveCfg = Release|iPhone
		{C7D02DA1-DAAC-4637-B6E8-7975FD3F415C}.Release|Any CPU.Build.0 = Release|iPhone
		{C7D02DA1-DAAC-4637-B6E8-7975FD3F415C}.Release|Any CPU.Deploy.0 = Release|iPhone
		{C7D02DA1-DAAC-4637-B6E8-7975FD3F415C}.Release|ARM.ActiveCfg = Release|iPhone
		{C7D02DA1-DAAC-4637-B6E8-7975FD3F415C}.Release|ARM.Build.0 = Release|iPhone
		{C7D02DA1-DAAC-4637-B6E8-7975FD3F415C}.Release|ARM.Deploy.0 = Release|iPhone
		{C7D02DA1-DAAC-4637-B6E8-7975FD3F415C}.Release|iPhone.ActiveCfg = Release|iPhone
		{C7D02DA1-DAAC-4637-B6E8-7975FD3F415C}.Release|iPhone.Build.0 = Release|iPhone
		{C7D02DA1-DAAC-4637-B6E8-7975FD3F415C}.Release|iPhone.Deploy.0 = Release|iPhone
		{C7D02DA1-DAAC-4637-B6E8-7975FD3F415C}.Release|iPhoneSimulator.ActiveCfg = Release|iPhoneSimulator
		{C7D02DA1-DAAC-4637-B6E8-7975FD3F415C}.Release|iPhoneSimulator.Build.0 = Release|iPhoneSimulator
		{C7D02DA1-DAAC-4637-B6E8-7975FD3F415C}.Release|iPhoneSimulator.Deploy.0 = Release|iPhoneSimulator
		{C7D02DA1-DAAC-4637-B6E8-7975FD3F415C}.Release|x64.ActiveCfg = Release|iPhone
		{C7D02DA1-DAAC-4637-B6E8-7975FD3F415C}.Release|x64.Build.0 = Release|iPhone
		{C7D02DA1-DAAC-4637-B6E8-7975FD3F415C}.Release|x64.Deploy.0 = Release|iPhone
		{C7D02DA1-DAAC-4637-B6E8-7975FD3F415C}.Release|x86.ActiveCfg = Release|iPhone
		{C7D02DA1-DAAC-4637-B6E8-7975FD3F415C}.Release|x86.Build.0 = Release|iPhone
		{C7D02DA1-DAAC-4637-B6E8-7975FD3F415C}.Release|x86.Deploy.0 = Release|iPhone
		{0CF935B4-AF54-47F0-A589-DA75E01DDB1F}.Ad-Hoc|Any CPU.ActiveCfg = Release|x86
		{0CF935B4-AF54-47F0-A589-DA75E01DDB1F}.Ad-Hoc|Any CPU.Build.0 = Release|x86
		{0CF935B4-AF54-47F0-A589-DA75E01DDB1F}.Ad-Hoc|Any CPU.Deploy.0 = Release|x86
		{0CF935B4-AF54-47F0-A589-DA75E01DDB1F}.Ad-Hoc|ARM.ActiveCfg = Release|ARM
		{0CF935B4-AF54-47F0-A589-DA75E01DDB1F}.Ad-Hoc|ARM.Build.0 = Release|ARM
		{0CF935B4-AF54-47F0-A589-DA75E01DDB1F}.Ad-Hoc|ARM.Deploy.0 = Release|ARM
		{0CF935B4-AF54-47F0-A589-DA75E01DDB1F}.Ad-Hoc|iPhone.ActiveCfg = Release|x86
		{0CF935B4-AF54-47F0-A589-DA75E01DDB1F}.Ad-Hoc|iPhone.Build.0 = Release|x86
		{0CF935B4-AF54-47F0-A589-DA75E01DDB1F}.Ad-Hoc|iPhone.Deploy.0 = Release|x86
		{0CF935B4-AF54-47F0-A589-DA75E01DDB1F}.Ad-Hoc|iPhoneSimulator.ActiveCfg = Release|x86
		{0CF935B4-AF54-47F0-A589-DA75E01DDB1F}.Ad-Hoc|iPhoneSimulator.Build.0 = Release|x86
		{0CF935B4-AF54-47F0-A589-DA75E01DDB1F}.Ad-Hoc|iPhoneSimulator.Deploy.0 = Release|x86
		{0CF935B4-AF54-47F0-A589-DA75E01DDB1F}.Ad-Hoc|x64.ActiveCfg = Release|x64
		{0CF935B4-AF54-47F0-A589-DA75E01DDB1F}.Ad-Hoc|x64.Build.0 = Release|x64
		{0CF935B4-AF54-47F0-A589-DA75E01DDB1F}.Ad-Hoc|x64.Deploy.0 = Release|x64
		{0CF935B4-AF54-47F0-A589-DA75E01DDB1F}.Ad-Hoc|x86.ActiveCfg = Release|x86
		{0CF935B4-AF54-47F0-A589-DA75E01DDB1F}.Ad-Hoc|x86.Build.0 = Release|x86
		{0CF935B4-AF54-47F0-A589-DA75E01DDB1F}.Ad-Hoc|x86.Deploy.0 = Release|x86
		{0CF935B4-AF54-47F0-A589-DA75E01DDB1F}.AppStore|Any CPU.ActiveCfg = Release|x86
		{0CF935B4-AF54-47F0-A589-DA75E01DDB1F}.AppStore|Any CPU.Build.0 = Release|x86
		{0CF935B4-AF54-47F0-A589-DA75E01DDB1F}.AppStore|Any CPU.Deploy.0 = Release|x86
		{0CF935B4-AF54-47F0-A589-DA75E01DDB1F}.AppStore|ARM.ActiveCfg = Release|ARM
		{0CF935B4-AF54-47F0-A589-DA75E01DDB1F}.AppStore|ARM.Build.0 = Release|ARM
		{0CF935B4-AF54-47F0-A589-DA75E01DDB1F}.AppStore|ARM.Deploy.0 = Release|ARM
		{0CF935B4-AF54-47F0-A589-DA75E01DDB1F}.AppStore|iPhone.ActiveCfg = Release|x86
		{0CF935B4-AF54-47F0-A589-DA75E01DDB1F}.AppStore|iPhone.Build.0 = Release|x86
		{0CF935B4-AF54-47F0-A589-DA75E01DDB1F}.AppStore|iPhone.Deploy.0 = Release|x86
		{0CF935B4-AF54-47F0-A589-DA75E01DDB1F}.AppStore|iPhoneSimulator.ActiveCfg = Release|x86
		{0CF935B4-AF54-47F0-A589-DA75E01DDB1F}.AppStore|iPhoneSimulator.Build.0 = Release|x86
		{0CF935B4-AF54-47F0-A589-DA75E01DDB1F}.AppStore|iPhoneSimulator.Deploy.0 = Release|x86
		{0CF935B4-AF54-47F0-A589-DA75E01DDB1F}.AppStore|x64.ActiveCfg = Release|x64
		{0CF935B4-AF54-47F0-A589-DA75E01DDB1F}.AppStore|x64.Build.0 = Release|x64
		{0CF935B4-AF54-47F0-A589-DA75E01DDB1F}.AppStore|x64.Deploy.0 = Release|x64
		{0CF935B4-AF54-47F0-A589-DA75E01DDB1F}.AppStore|x86.ActiveCfg = Release|x86
		{0CF935B4-AF54-47F0-A589-DA75E01DDB1F}.AppStore|x86.Build.0 = Release|x86
		{0CF935B4-AF54-47F0-A589-DA75E01DDB1F}.AppStore|x86.Deploy.0 = Release|x86
		{0CF935B4-AF54-47F0-A589-DA75E01DDB1F}.Debug|Any CPU.ActiveCfg = Debug|x86
		{0CF935B4-AF54-47F0-A589-DA75E01DDB1F}.Debug|Any CPU.Build.0 = Debug|x86
		{0CF935B4-AF54-47F0-A589-DA75E01DDB1F}.Debug|Any CPU.Deploy.0 = Debug|x86
		{0CF935B4-AF54-47F0-A589-DA75E01DDB1F}.Debug|ARM.ActiveCfg = Debug|ARM
		{0CF935B4-AF54-47F0-A589-DA75E01DDB1F}.Debug|ARM.Build.0 = Debug|ARM
		{0CF935B4-AF54-47F0-A589-DA75E01DDB1F}.Debug|ARM.Deploy.0 = Debug|ARM
		{0CF935B4-AF54-47F0-A589-DA75E01DDB1F}.Debug|iPhone.ActiveCfg = Debug|x86
		{0CF935B4-AF54-47F0-A589-DA75E01DDB1F}.Debug|iPhone.Build.0 = Debug|x86
		{0CF935B4-AF54-47F0-A589-DA75E01DDB1F}.Debug|iPhone.Deploy.0 = Debug|x86
		{0CF935B4-AF54-47F0-A589-DA75E01DDB1F}.Debug|iPhoneSimulator.ActiveCfg = Debug|x86
		{0CF935B4-AF54-47F0-A589-DA75E01DDB1F}.Debug|iPhoneSimulator.Build.0 = Debug|x86
		{0CF935B4-AF54-47F0-A589-DA75E01DDB1F}.Debug|iPhoneSimulator.Deploy.0 = Debug|x86
		{0CF935B4-AF54-47F0-A589-DA75E01DDB1F}.Debug|x64.ActiveCfg = Debug|x64
		{0CF935B4-AF54-47F0-A589-DA75E01DDB1F}.Debug|x64.Build.0 = Debug|x64
		{0CF935B4-AF54-47F0-A589-DA75E01DDB1F}.Debug|x64.Deploy.0 = Debug|x64
		{0CF935B4-AF54-47F0-A589-DA75E01DDB1F}.Debug|x86.ActiveCfg = Debug|x86
		{0CF935B4-AF54-47F0-A589-DA75E01DDB1F}.Debug|x86.Build.0 = Debug|x86
		{0CF935B4-AF54-47F0-A589-DA75E01DDB1F}.Debug|x86.Deploy.0 = Debug|x86
		{0CF935B4-AF54-47F0-A589-DA75E01DDB1F}.Release|Any CPU.ActiveCfg = Release|x86
		{0CF935B4-AF54-47F0-A589-DA75E01DDB1F}.Release|Any CPU.Build.0 = Release|x86
		{0CF935B4-AF54-47F0-A589-DA75E01DDB1F}.Release|Any CPU.Deploy.0 = Release|x86
		{0CF935B4-AF54-47F0-A589-DA75E01DDB1F}.Release|ARM.ActiveCfg = Release|ARM
		{0CF935B4-AF54-47F0-A589-DA75E01DDB1F}.Release|ARM.Build.0 = Release|ARM
		{0CF935B4-AF54-47F0-A589-DA75E01DDB1F}.Release|ARM.Deploy.0 = Release|ARM
		{0CF935B4-AF54-47F0-A589-DA75E01DDB1F}.Release|iPhone.ActiveCfg = Release|x86
		{0CF935B4-AF54-47F0-A589-DA75E01DDB1F}.Release|iPhone.Build.0 = Release|x86
		{0CF935B4-AF54-47F0-A589-DA75E01DDB1F}.Release|iPhone.Deploy.0 = Release|x86
		{0CF935B4-AF54-47F0-A589-DA75E01DDB1F}.Release|iPhoneSimulator.ActiveCfg = Release|x86
		{0CF935B4-AF54-47F0-A589-DA75E01DDB1F}.Release|iPhoneSimulator.Build.0 = Release|x86
		{0CF935B4-AF54-47F0-A589-DA75E01DDB1F}.Release|iPhoneSimulator.Deploy.0 = Release|x86
		{0CF935B4-AF54-47F0-A589-DA75E01DDB1F}.Release|x64.ActiveCfg = Release|x64
		{0CF935B4-AF54-47F0-A589-DA75E01DDB1F}.Release|x64.Build.0 = Release|x64
		{0CF935B4-AF54-47F0-A589-DA75E01DDB1F}.Release|x64.Deploy.0 = Release|x64
		{0CF935B4-AF54-47F0-A589-DA75E01DDB1F}.Release|x86.ActiveCfg = Release|x86
		{0CF935B4-AF54-47F0-A589-DA75E01DDB1F}.Release|x86.Build.0 = Release|x86
		{0CF935B4-AF54-47F0-A589-DA75E01DDB1F}.Release|x86.Deploy.0 = Release|x86
		{A85498C3-4769-4517-A92B-8DD976EA14B0}.Ad-Hoc|Any CPU.ActiveCfg = Debug|Any CPU
		{A85498C3-4769-4517-A92B-8DD976EA14B0}.Ad-Hoc|Any CPU.Build.0 = Debug|Any CPU
		{A85498C3-4769-4517-A92B-8DD976EA14B0}.Ad-Hoc|Any CPU.Deploy.0 = Debug|Any CPU
		{A85498C3-4769-4517-A92B-8DD976EA14B0}.Ad-Hoc|ARM.ActiveCfg = Debug|Any CPU
		{A85498C3-4769-4517-A92B-8DD976EA14B0}.Ad-Hoc|ARM.Build.0 = Debug|Any CPU
		{A85498C3-4769-4517-A92B-8DD976EA14B0}.Ad-Hoc|ARM.Deploy.0 = Debug|Any CPU
		{A85498C3-4769-4517-A92B-8DD976EA14B0}.Ad-Hoc|iPhone.ActiveCfg = Debug|Any CPU
		{A85498C3-4769-4517-A92B-8DD976EA14B0}.Ad-Hoc|iPhone.Build.0 = Debug|Any CPU
		{A85498C3-4769-4517-A92B-8DD976EA14B0}.Ad-Hoc|iPhone.Deploy.0 = Debug|Any CPU
		{A85498C3-4769-4517-A92B-8DD976EA14B0}.Ad-Hoc|iPhoneSimulator.ActiveCfg = Debug|Any CPU
		{A85498C3-4769-4517-A92B-8DD976EA14B0}.Ad-Hoc|iPhoneSimulator.Build.0 = Debug|Any CPU
		{A85498C3-4769-4517-A92B-8DD976EA14B0}.Ad-Hoc|iPhoneSimulator.Deploy.0 = Debug|Any CPU
		{A85498C3-4769-4517-A92B-8DD976EA14B0}.Ad-Hoc|x64.ActiveCfg = Debug|Any CPU
		{A85498C3-4769-4517-A92B-8DD976EA14B0}.Ad-Hoc|x64.Build.0 = Debug|Any CPU
		{A85498C3-4769-4517-A92B-8DD976EA14B0}.Ad-Hoc|x64.Deploy.0 = Debug|Any CPU
		{A85498C3-4769-4517-A92B-8DD976EA14B0}.Ad-Hoc|x86.ActiveCfg = Debug|Any CPU
		{A85498C3-4769-4517-A92B-8DD976EA14B0}.Ad-Hoc|x86.Build.0 = Debug|Any CPU
		{A85498C3-4769-4517-A92B-8DD976EA14B0}.Ad-Hoc|x86.Deploy.0 = Debug|Any CPU
		{A85498C3-4769-4517-A92B-8DD976EA14B0}.AppStore|Any CPU.ActiveCfg = Debug|Any CPU
		{A85498C3-4769-4517-A92B-8DD976EA14B0}.AppStore|Any CPU.Build.0 = Debug|Any CPU
		{A85498C3-4769-4517-A92B-8DD976EA14B0}.AppStore|Any CPU.Deploy.0 = Debug|Any CPU
		{A85498C3-4769-4517-A92B-8DD976EA14B0}.AppStore|ARM.ActiveCfg = Debug|Any CPU
		{A85498C3-4769-4517-A92B-8DD976EA14B0}.AppStore|ARM.Build.0 = Debug|Any CPU
		{A85498C3-4769-4517-A92B-8DD976EA14B0}.AppStore|ARM.Deploy.0 = Debug|Any CPU
		{A85498C3-4769-4517-A92B-8DD976EA14B0}.AppStore|iPhone.ActiveCfg = Debug|Any CPU
		{A85498C3-4769-4517-A92B-8DD976EA14B0}.AppStore|iPhone.Build.0 = Debug|Any CPU
		{A85498C3-4769-4517-A92B-8DD976EA14B0}.AppStore|iPhone.Deploy.0 = Debug|Any CPU
		{A85498C3-4769-4517-A92B-8DD976EA14B0}.AppStore|iPhoneSimulator.ActiveCfg = Debug|Any CPU
		{A85498C3-4769-4517-A92B-8DD976EA14B0}.AppStore|iPhoneSimulator.Build.0 = Debug|Any CPU
		{A85498C3-4769-4517-A92B-8DD976EA14B0}.AppStore|iPhoneSimulator.Deploy.0 = Debug|Any CPU
		{A85498C3-4769-4517-A92B-8DD976EA14B0}.AppStore|x64.ActiveCfg = Debug|Any CPU
		{A85498C3-4769-4517-A92B-8DD976EA14B0}.AppStore|x64.Build.0 = Debug|Any CPU
		{A85498C3-4769-4517-A92B-8DD976EA14B0}.AppStore|x64.Deploy.0 = Debug|Any CPU
		{A85498C3-4769-4517-A92B-8DD976EA14B0}.AppStore|x86.ActiveCfg = Debug|Any CPU
		{A85498C3-4769-4517-A92B-8DD976EA14B0}.AppStore|x86.Build.0 = Debug|Any CPU
		{A85498C3-4769-4517-A92B-8DD976EA14B0}.AppStore|x86.Deploy.0 = Debug|Any CPU
		{A85498C3-4769-4517-A92B-8DD976EA14B0}.Debug|Any CPU.ActiveCfg = Debug|Any CPU
		{A85498C3-4769-4517-A92B-8DD976EA14B0}.Debug|Any CPU.Build.0 = Debug|Any CPU
		{A85498C3-4769-4517-A92B-8DD976EA14B0}.Debug|Any CPU.Deploy.0 = Debug|Any CPU
		{A85498C3-4769-4517-A92B-8DD976EA14B0}.Debug|ARM.ActiveCfg = Debug|Any CPU
		{A85498C3-4769-4517-A92B-8DD976EA14B0}.Debug|ARM.Build.0 = Debug|Any CPU
		{A85498C3-4769-4517-A92B-8DD976EA14B0}.Debug|ARM.Deploy.0 = Debug|Any CPU
		{A85498C3-4769-4517-A92B-8DD976EA14B0}.Debug|iPhone.ActiveCfg = Debug|Any CPU
		{A85498C3-4769-4517-A92B-8DD976EA14B0}.Debug|iPhone.Build.0 = Debug|Any CPU
		{A85498C3-4769-4517-A92B-8DD976EA14B0}.Debug|iPhone.Deploy.0 = Debug|Any CPU
		{A85498C3-4769-4517-A92B-8DD976EA14B0}.Debug|iPhoneSimulator.ActiveCfg = Debug|Any CPU
		{A85498C3-4769-4517-A92B-8DD976EA14B0}.Debug|iPhoneSimulator.Build.0 = Debug|Any CPU
		{A85498C3-4769-4517-A92B-8DD976EA14B0}.Debug|iPhoneSimulator.Deploy.0 = Debug|Any CPU
		{A85498C3-4769-4517-A92B-8DD976EA14B0}.Debug|x64.ActiveCfg = Debug|Any CPU
		{A85498C3-4769-4517-A92B-8DD976EA14B0}.Debug|x64.Build.0 = Debug|Any CPU
		{A85498C3-4769-4517-A92B-8DD976EA14B0}.Debug|x64.Deploy.0 = Debug|Any CPU
		{A85498C3-4769-4517-A92B-8DD976EA14B0}.Debug|x86.ActiveCfg = Debug|Any CPU
		{A85498C3-4769-4517-A92B-8DD976EA14B0}.Debug|x86.Build.0 = Debug|Any CPU
		{A85498C3-4769-4517-A92B-8DD976EA14B0}.Debug|x86.Deploy.0 = Debug|Any CPU
		{A85498C3-4769-4517-A92B-8DD976EA14B0}.Release|Any CPU.ActiveCfg = Release|Any CPU
		{A85498C3-4769-4517-A92B-8DD976EA14B0}.Release|Any CPU.Build.0 = Release|Any CPU
		{A85498C3-4769-4517-A92B-8DD976EA14B0}.Release|Any CPU.Deploy.0 = Release|Any CPU
		{A85498C3-4769-4517-A92B-8DD976EA14B0}.Release|ARM.ActiveCfg = Release|Any CPU
		{A85498C3-4769-4517-A92B-8DD976EA14B0}.Release|ARM.Build.0 = Release|Any CPU
		{A85498C3-4769-4517-A92B-8DD976EA14B0}.Release|ARM.Deploy.0 = Release|Any CPU
		{A85498C3-4769-4517-A92B-8DD976EA14B0}.Release|iPhone.ActiveCfg = Release|Any CPU
		{A85498C3-4769-4517-A92B-8DD976EA14B0}.Release|iPhone.Build.0 = Release|Any CPU
		{A85498C3-4769-4517-A92B-8DD976EA14B0}.Release|iPhone.Deploy.0 = Release|Any CPU
		{A85498C3-4769-4517-A92B-8DD976EA14B0}.Release|iPhoneSimulator.ActiveCfg = Release|Any CPU
		{A85498C3-4769-4517-A92B-8DD976EA14B0}.Release|iPhoneSimulator.Build.0 = Release|Any CPU
		{A85498C3-4769-4517-A92B-8DD976EA14B0}.Release|iPhoneSimulator.Deploy.0 = Release|Any CPU
		{A85498C3-4769-4517-A92B-8DD976EA14B0}.Release|x64.ActiveCfg = Release|Any CPU
		{A85498C3-4769-4517-A92B-8DD976EA14B0}.Release|x64.Build.0 = Release|Any CPU
		{A85498C3-4769-4517-A92B-8DD976EA14B0}.Release|x64.Deploy.0 = Release|Any CPU
		{A85498C3-4769-4517-A92B-8DD976EA14B0}.Release|x86.ActiveCfg = Release|Any CPU
		{A85498C3-4769-4517-A92B-8DD976EA14B0}.Release|x86.Build.0 = Release|Any CPU
		{A85498C3-4769-4517-A92B-8DD976EA14B0}.Release|x86.Deploy.0 = Release|Any CPU
	EndGlobalSection
	GlobalSection(SolutionProperties) = preSolution
		HideSolutionNode = FALSE
	EndGlobalSection
	GlobalSection(ExtensibilityGlobals) = postSolution
		SolutionGuid = {C8A764CC-54E9-4A59-BAF5-B59851DF68FC}
	EndGlobalSection
EndGlobal
